// !$*UTF8*$!
{
	archiveVersion = 1;
	classes = {
	};
	objectVersion = 46;
	objects = {

/* Begin PBXBuildFile section */
		1D45730018FE772D001E3667 /* Foundation.framework in Frameworks */ = {isa = PBXBuildFile; fileRef = 1D4572FF18FE772D001E3667 /* Foundation.framework */; };
		1D45730218FE772D001E3667 /* CoreGraphics.framework in Frameworks */ = {isa = PBXBuildFile; fileRef = 1D45730118FE772D001E3667 /* CoreGraphics.framework */; };
		1D45730418FE772D001E3667 /* UIKit.framework in Frameworks */ = {isa = PBXBuildFile; fileRef = 1D45730318FE772D001E3667 /* UIKit.framework */; };
		1D45730A18FE772D001E3667 /* InfoPlist.strings in Resources */ = {isa = PBXBuildFile; fileRef = 1D45730818FE772D001E3667 /* InfoPlist.strings */; };
		1D45730C18FE772D001E3667 /* main.m in Sources */ = {isa = PBXBuildFile; fileRef = 1D45730B18FE772D001E3667 /* main.m */; };
		1D45731018FE772D001E3667 /* AppDelegate.m in Sources */ = {isa = PBXBuildFile; fileRef = 1D45730F18FE772D001E3667 /* AppDelegate.m */; };
		1D45731318FE772D001E3667 /* Main.storyboard in Resources */ = {isa = PBXBuildFile; fileRef = 1D45731118FE772D001E3667 /* Main.storyboard */; };
		1D45731618FE772D001E3667 /* ViewController.m in Sources */ = {isa = PBXBuildFile; fileRef = 1D45731518FE772D001E3667 /* ViewController.m */; };
		1D45731818FE772D001E3667 /* Images.xcassets in Resources */ = {isa = PBXBuildFile; fileRef = 1D45731718FE772D001E3667 /* Images.xcassets */; };
		1D45731F18FE772D001E3667 /* XCTest.framework in Frameworks */ = {isa = PBXBuildFile; fileRef = 1D45731E18FE772D001E3667 /* XCTest.framework */; };
		1D45732018FE772D001E3667 /* Foundation.framework in Frameworks */ = {isa = PBXBuildFile; fileRef = 1D4572FF18FE772D001E3667 /* Foundation.framework */; };
		1D45732118FE772D001E3667 /* UIKit.framework in Frameworks */ = {isa = PBXBuildFile; fileRef = 1D45730318FE772D001E3667 /* UIKit.framework */; };
		1D45732918FE772D001E3667 /* InfoPlist.strings in Resources */ = {isa = PBXBuildFile; fileRef = 1D45732718FE772D001E3667 /* InfoPlist.strings */; };
		1D45732B18FE772D001E3667 /* SineDoloreSVMTests.m in Sources */ = {isa = PBXBuildFile; fileRef = 1D45732A18FE772D001E3667 /* SineDoloreSVMTests.m */; };
		1D45733518FE77E0001E3667 /* MapKit.framework in Frameworks */ = {isa = PBXBuildFile; fileRef = 1D45733418FE77E0001E3667 /* MapKit.framework */; };
/* End PBXBuildFile section */

/* Begin PBXContainerItemProxy section */
		1D45732218FE772D001E3667 /* PBXContainerItemProxy */ = {
			isa = PBXContainerItemProxy;
			containerPortal = 1D4572F418FE772D001E3667 /* Project object */;
			proxyType = 1;
			remoteGlobalIDString = 1D4572FB18FE772D001E3667;
			remoteInfo = SineDoloreSVM;
		};
/* End PBXContainerItemProxy section */

/* Begin PBXFileReference section */
		1D4572FC18FE772D001E3667 /* SineDoloreSVM.app */ = {isa = PBXFileReference; explicitFileType = wrapper.application; includeInIndex = 0; path = SineDoloreSVM.app; sourceTree = BUILT_PRODUCTS_DIR; };
		1D4572FF18FE772D001E3667 /* Foundation.framework */ = {isa = PBXFileReference; lastKnownFileType = wrapper.framework; name = Foundation.framework; path = System/Library/Frameworks/Foundation.framework; sourceTree = SDKROOT; };
		1D45730118FE772D001E3667 /* CoreGraphics.framework */ = {isa = PBXFileReference; lastKnownFileType = wrapper.framework; name = CoreGraphics.framework; path = System/Library/Frameworks/CoreGraphics.framework; sourceTree = SDKROOT; };
		1D45730318FE772D001E3667 /* UIKit.framework */ = {isa = PBXFileReference; lastKnownFileType = wrapper.framework; name = UIKit.framework; path = System/Library/Frameworks/UIKit.framework; sourceTree = SDKROOT; };
		1D45730718FE772D001E3667 /* SineDoloreSVM-Info.plist */ = {isa = PBXFileReference; lastKnownFileType = text.plist.xml; path = "SineDoloreSVM-Info.plist"; sourceTree = "<group>"; };
		1D45730918FE772D001E3667 /* en */ = {isa = PBXFileReference; lastKnownFileType = text.plist.strings; name = en; path = en.lproj/InfoPlist.strings; sourceTree = "<group>"; };
		1D45730B18FE772D001E3667 /* main.m */ = {isa = PBXFileReference; lastKnownFileType = sourcecode.c.objc; path = main.m; sourceTree = "<group>"; };
		1D45730D18FE772D001E3667 /* SineDoloreSVM-Prefix.pch */ = {isa = PBXFileReference; lastKnownFileType = sourcecode.c.h; path = "SineDoloreSVM-Prefix.pch"; sourceTree = "<group>"; };
		1D45730E18FE772D001E3667 /* AppDelegate.h */ = {isa = PBXFileReference; lastKnownFileType = sourcecode.c.h; path = AppDelegate.h; sourceTree = "<group>"; };
		1D45730F18FE772D001E3667 /* AppDelegate.m */ = {isa = PBXFileReference; lastKnownFileType = sourcecode.c.objc; path = AppDelegate.m; sourceTree = "<group>"; };
		1D45731218FE772D001E3667 /* Base */ = {isa = PBXFileReference; lastKnownFileType = file.storyboard; name = Base; path = Base.lproj/Main.storyboard; sourceTree = "<group>"; };
		1D45731418FE772D001E3667 /* ViewController.h */ = {isa = PBXFileReference; lastKnownFileType = sourcecode.c.h; path = ViewController.h; sourceTree = "<group>"; };
		1D45731518FE772D001E3667 /* ViewController.m */ = {isa = PBXFileReference; lastKnownFileType = sourcecode.c.objc; path = ViewController.m; sourceTree = "<group>"; };
		1D45731718FE772D001E3667 /* Images.xcassets */ = {isa = PBXFileReference; lastKnownFileType = folder.assetcatalog; path = Images.xcassets; sourceTree = "<group>"; };
		1D45731D18FE772D001E3667 /* SineDoloreSVMTests.xctest */ = {isa = PBXFileReference; explicitFileType = wrapper.cfbundle; includeInIndex = 0; path = SineDoloreSVMTests.xctest; sourceTree = BUILT_PRODUCTS_DIR; };
		1D45731E18FE772D001E3667 /* XCTest.framework */ = {isa = PBXFileReference; lastKnownFileType = wrapper.framework; name = XCTest.framework; path = Library/Frameworks/XCTest.framework; sourceTree = DEVELOPER_DIR; };
		1D45732618FE772D001E3667 /* SineDoloreSVMTests-Info.plist */ = {isa = PBXFileReference; lastKnownFileType = text.plist.xml; path = "SineDoloreSVMTests-Info.plist"; sourceTree = "<group>"; };
		1D45732818FE772D001E3667 /* en */ = {isa = PBXFileReference; lastKnownFileType = text.plist.strings; name = en; path = en.lproj/InfoPlist.strings; sourceTree = "<group>"; };
		1D45732A18FE772D001E3667 /* SineDoloreSVMTests.m */ = {isa = PBXFileReference; lastKnownFileType = sourcecode.c.objc; path = SineDoloreSVMTests.m; sourceTree = "<group>"; };
		1D45733418FE77E0001E3667 /* MapKit.framework */ = {isa = PBXFileReference; lastKnownFileType = wrapper.framework; name = MapKit.framework; path = System/Library/Frameworks/MapKit.framework; sourceTree = SDKROOT; };
/* End PBXFileReference section */

/* Begin PBXFrameworksBuildPhase section */
		1D4572F918FE772D001E3667 /* Frameworks */ = {
			isa = PBXFrameworksBuildPhase;
			buildActionMask = 2147483647;
			files = (
				1D45733518FE77E0001E3667 /* MapKit.framework in Frameworks */,
				1D45730218FE772D001E3667 /* CoreGraphics.framework in Frameworks */,
				1D45730418FE772D001E3667 /* UIKit.framework in Frameworks */,
				1D45730018FE772D001E3667 /* Foundation.framework in Frameworks */,
			);
			runOnlyForDeploymentPostprocessing = 0;
		};
		1D45731A18FE772D001E3667 /* Frameworks */ = {
			isa = PBXFrameworksBuildPhase;
			buildActionMask = 2147483647;
			files = (
				1D45731F18FE772D001E3667 /* XCTest.framework in Frameworks */,
				1D45732118FE772D001E3667 /* UIKit.framework in Frameworks */,
				1D45732018FE772D001E3667 /* Foundation.framework in Frameworks */,
			);
			runOnlyForDeploymentPostprocessing = 0;
		};
/* End PBXFrameworksBuildPhase section */

/* Begin PBXGroup section */
		1D4572F318FE772D001E3667 = {
			isa = PBXGroup;
			children = (
				1D45730518FE772D001E3667 /* SineDoloreSVM */,
				1D45732418FE772D001E3667 /* SineDoloreSVMTests */,
				1D4572FE18FE772D001E3667 /* Frameworks */,
				1D4572FD18FE772D001E3667 /* Products */,
			);
			sourceTree = "<group>";
		};
		1D4572FD18FE772D001E3667 /* Products */ = {
			isa = PBXGroup;
			children = (
				1D4572FC18FE772D001E3667 /* SineDoloreSVM.app */,
				1D45731D18FE772D001E3667 /* SineDoloreSVMTests.xctest */,
			);
			name = Products;
			sourceTree = "<group>";
		};
		1D4572FE18FE772D001E3667 /* Frameworks */ = {
			isa = PBXGroup;
			children = (
				1D45733418FE77E0001E3667 /* MapKit.framework */,
				1D4572FF18FE772D001E3667 /* Foundation.framework */,
				1D45730118FE772D001E3667 /* CoreGraphics.framework */,
				1D45730318FE772D001E3667 /* UIKit.framework */,
				1D45731E18FE772D001E3667 /* XCTest.framework */,
			);
			name = Frameworks;
			sourceTree = "<group>";
		};
		1D45730518FE772D001E3667 /* SineDoloreSVM */ = {
			isa = PBXGroup;
			children = (
				1D45730E18FE772D001E3667 /* AppDelegate.h */,
				1D45730F18FE772D001E3667 /* AppDelegate.m */,
				1D45731118FE772D001E3667 /* Main.storyboard */,
				1D45731418FE772D001E3667 /* ViewController.h */,
				1D45731518FE772D001E3667 /* ViewController.m */,
				1D45731718FE772D001E3667 /* Images.xcassets */,
				1D45730618FE772D001E3667 /* Supporting Files */,
			);
			path = SineDoloreSVM;
			sourceTree = "<group>";
		};
		1D45730618FE772D001E3667 /* Supporting Files */ = {
			isa = PBXGroup;
			children = (
				1D45730718FE772D001E3667 /* SineDoloreSVM-Info.plist */,
				1D45730818FE772D001E3667 /* InfoPlist.strings */,
				1D45730B18FE772D001E3667 /* main.m */,
				1D45730D18FE772D001E3667 /* SineDoloreSVM-Prefix.pch */,
			);
			name = "Supporting Files";
			sourceTree = "<group>";
		};
		1D45732418FE772D001E3667 /* SineDoloreSVMTests */ = {
			isa = PBXGroup;
			children = (
				1D45732A18FE772D001E3667 /* SineDoloreSVMTests.m */,
				1D45732518FE772D001E3667 /* Supporting Files */,
			);
			path = SineDoloreSVMTests;
			sourceTree = "<group>";
		};
		1D45732518FE772D001E3667 /* Supporting Files */ = {
			isa = PBXGroup;
			children = (
				1D45732618FE772D001E3667 /* SineDoloreSVMTests-Info.plist */,
				1D45732718FE772D001E3667 /* InfoPlist.strings */,
			);
			name = "Supporting Files";
			sourceTree = "<group>";
		};
/* End PBXGroup section */

/* Begin PBXNativeTarget section */
		1D4572FB18FE772D001E3667 /* SineDoloreSVM */ = {
			isa = PBXNativeTarget;
			buildConfigurationList = 1D45732E18FE772D001E3667 /* Build configuration list for PBXNativeTarget "SineDoloreSVM" */;
			buildPhases = (
				1D4572F818FE772D001E3667 /* Sources */,
				1D4572F918FE772D001E3667 /* Frameworks */,
				1D4572FA18FE772D001E3667 /* Resources */,
			);
			buildRules = (
			);
			dependencies = (
			);
			name = SineDoloreSVM;
			productName = SineDoloreSVM;
			productReference = 1D4572FC18FE772D001E3667 /* SineDoloreSVM.app */;
			productType = "com.apple.product-type.application";
		};
		1D45731C18FE772D001E3667 /* SineDoloreSVMTests */ = {
			isa = PBXNativeTarget;
			buildConfigurationList = 1D45733118FE772D001E3667 /* Build configuration list for PBXNativeTarget "SineDoloreSVMTests" */;
			buildPhases = (
				1D45731918FE772D001E3667 /* Sources */,
				1D45731A18FE772D001E3667 /* Frameworks */,
				1D45731B18FE772D001E3667 /* Resources */,
			);
			buildRules = (
			);
			dependencies = (
				1D45732318FE772D001E3667 /* PBXTargetDependency */,
			);
			name = SineDoloreSVMTests;
			productName = SineDoloreSVMTests;
			productReference = 1D45731D18FE772D001E3667 /* SineDoloreSVMTests.xctest */;
			productType = "com.apple.product-type.bundle.unit-test";
		};
/* End PBXNativeTarget section */

/* Begin PBXProject section */
		1D4572F418FE772D001E3667 /* Project object */ = {
			isa = PBXProject;
			attributes = {
				LastUpgradeCheck = 0510;
				ORGANIZATIONNAME = SineDolore;
				TargetAttributes = {
					1D4572FB18FE772D001E3667 = {
						DevelopmentTeam = CJX9A5U3ZQ;
					};
					1D45731C18FE772D001E3667 = {
						TestTargetID = 1D4572FB18FE772D001E3667;
					};
				};
			};
			buildConfigurationList = 1D4572F718FE772D001E3667 /* Build configuration list for PBXProject "SineDoloreSVM" */;
			compatibilityVersion = "Xcode 3.2";
			developmentRegion = English;
			hasScannedForEncodings = 0;
			knownRegions = (
				en,
				Base,
			);
			mainGroup = 1D4572F318FE772D001E3667;
			productRefGroup = 1D4572FD18FE772D001E3667 /* Products */;
			projectDirPath = "";
			projectRoot = "";
			targets = (
				1D4572FB18FE772D001E3667 /* SineDoloreSVM */,
				1D45731C18FE772D001E3667 /* SineDoloreSVMTests */,
			);
		};
/* End PBXProject section */

/* Begin PBXResourcesBuildPhase section */
		1D4572FA18FE772D001E3667 /* Resources */ = {
			isa = PBXResourcesBuildPhase;
			buildActionMask = 2147483647;
			files = (
				1D45731818FE772D001E3667 /* Images.xcassets in Resources */,
				1D45730A18FE772D001E3667 /* InfoPlist.strings in Resources */,
				1D45731318FE772D001E3667 /* Main.storyboard in Resources */,
			);
			runOnlyForDeploymentPostprocessing = 0;
		};
		1D45731B18FE772D001E3667 /* Resources */ = {
			isa = PBXResourcesBuildPhase;
			buildActionMask = 2147483647;
			files = (
				1D45732918FE772D001E3667 /* InfoPlist.strings in Resources */,
			);
			runOnlyForDeploymentPostprocessing = 0;
		};
/* End PBXResourcesBuildPhase section */

/* Begin PBXSourcesBuildPhase section */
		1D4572F818FE772D001E3667 /* Sources */ = {
			isa = PBXSourcesBuildPhase;
			buildActionMask = 2147483647;
			files = (
				1D45731618FE772D001E3667 /* ViewController.m in Sources */,
				1D45731018FE772D001E3667 /* AppDelegate.m in Sources */,
				1D45730C18FE772D001E3667 /* main.m in Sources */,
			);
			runOnlyForDeploymentPostprocessing = 0;
		};
		1D45731918FE772D001E3667 /* Sources */ = {
			isa = PBXSourcesBuildPhase;
			buildActionMask = 2147483647;
			files = (
				1D45732B18FE772D001E3667 /* SineDoloreSVMTests.m in Sources */,
			);
			runOnlyForDeploymentPostprocessing = 0;
		};
/* End PBXSourcesBuildPhase section */

/* Begin PBXTargetDependency section */
		1D45732318FE772D001E3667 /* PBXTargetDependency */ = {
			isa = PBXTargetDependency;
			target = 1D4572FB18FE772D001E3667 /* SineDoloreSVM */;
			targetProxy = 1D45732218FE772D001E3667 /* PBXContainerItemProxy */;
		};
/* End PBXTargetDependency section */

/* Begin PBXVariantGroup section */
		1D45730818FE772D001E3667 /* InfoPlist.strings */ = {
			isa = PBXVariantGroup;
			children = (
				1D45730918FE772D001E3667 /* en */,
			);
			name = InfoPlist.strings;
			sourceTree = "<group>";
		};
		1D45731118FE772D001E3667 /* Main.storyboard */ = {
			isa = PBXVariantGroup;
			children = (
				1D45731218FE772D001E3667 /* Base */,
			);
			name = Main.storyboard;
			sourceTree = "<group>";
		};
		1D45732718FE772D001E3667 /* InfoPlist.strings */ = {
			isa = PBXVariantGroup;
			children = (
				1D45732818FE772D001E3667 /* en */,
			);
			name = InfoPlist.strings;
			sourceTree = "<group>";
		};
/* End PBXVariantGroup section */

/* Begin XCBuildConfiguration section */
		1D45732C18FE772D001E3667 /* Debug */ = {
			isa = XCBuildConfiguration;
			buildSettings = {
				ALWAYS_SEARCH_USER_PATHS = NO;
				CLANG_CXX_LANGUAGE_STANDARD = "gnu++0x";
				CLANG_CXX_LIBRARY = "libc++";
				CLANG_ENABLE_MODULES = YES;
				CLANG_ENABLE_OBJC_ARC = YES;
				CLANG_WARN_BOOL_CONVERSION = YES;
				CLANG_WARN_CONSTANT_CONVERSION = YES;
				CLANG_WARN_DIRECT_OBJC_ISA_USAGE = YES_ERROR;
				CLANG_WARN_EMPTY_BODY = YES;
				CLANG_WARN_ENUM_CONVERSION = YES;
				CLANG_WARN_INT_CONVERSION = YES;
				CLANG_WARN_OBJC_ROOT_CLASS = YES_ERROR;
				CLANG_WARN__DUPLICATE_METHOD_MATCH = YES;
				"CODE_SIGN_IDENTITY[sdk=iphoneos*]" = "iPhone Developer";
				COPY_PHASE_STRIP = NO;
				GCC_C_LANGUAGE_STANDARD = gnu99;
				GCC_DYNAMIC_NO_PIC = NO;
				GCC_OPTIMIZATION_LEVEL = 0;
				GCC_PREPROCESSOR_DEFINITIONS = (
					"DEBUG=1",
					"$(inherited)",
				);
				GCC_SYMBOLS_PRIVATE_EXTERN = NO;
				GCC_WARN_64_TO_32_BIT_CONVERSION = YES;
				GCC_WARN_ABOUT_RETURN_TYPE = YES_ERROR;
				GCC_WARN_UNDECLARED_SELECTOR = YES;
				GCC_WARN_UNINITIALIZED_AUTOS = YES_AGGRESSIVE;
				GCC_WARN_UNUSED_FUNCTION = YES;
				GCC_WARN_UNUSED_VARIABLE = YES;
				IPHONEOS_DEPLOYMENT_TARGET = 7.1;
				ONLY_ACTIVE_ARCH = YES;
				SDKROOT = iphoneos;
			};
			name = Debug;
		};
		1D45732D18FE772D001E3667 /* Release */ = {
			isa = XCBuildConfiguration;
			buildSettings = {
				ALWAYS_SEARCH_USER_PATHS = NO;
				CLANG_CXX_LANGUAGE_STANDARD = "gnu++0x";
				CLANG_CXX_LIBRARY = "libc++";
				CLANG_ENABLE_MODULES = YES;
				CLANG_ENABLE_OBJC_ARC = YES;
				CLANG_WARN_BOOL_CONVERSION = YES;
				CLANG_WARN_CONSTANT_CONVERSION = YES;
				CLANG_WARN_DIRECT_OBJC_ISA_USAGE = YES_ERROR;
				CLANG_WARN_EMPTY_BODY = YES;
				CLANG_WARN_ENUM_CONVERSION = YES;
				CLANG_WARN_INT_CONVERSION = YES;
				CLANG_WARN_OBJC_ROOT_CLASS = YES_ERROR;
				CLANG_WARN__DUPLICATE_METHOD_MATCH = YES;
				"CODE_SIGN_IDENTITY[sdk=iphoneos*]" = "iPhone Developer";
				COPY_PHASE_STRIP = YES;
				ENABLE_NS_ASSERTIONS = NO;
				GCC_C_LANGUAGE_STANDARD = gnu99;
				GCC_WARN_64_TO_32_BIT_CONVERSION = YES;
				GCC_WARN_ABOUT_RETURN_TYPE = YES_ERROR;
				GCC_WARN_UNDECLARED_SELECTOR = YES;
				GCC_WARN_UNINITIALIZED_AUTOS = YES_AGGRESSIVE;
				GCC_WARN_UNUSED_FUNCTION = YES;
				GCC_WARN_UNUSED_VARIABLE = YES;
				IPHONEOS_DEPLOYMENT_TARGET = 7.1;
				SDKROOT = iphoneos;
				VALIDATE_PRODUCT = YES;
			};
			name = Release;
		};
		1D45732F18FE772D001E3667 /* Debug */ = {
			isa = XCBuildConfiguration;
			buildSettings = {
				ASSETCATALOG_COMPILER_APPICON_NAME = AppIcon;
				ASSETCATALOG_COMPILER_LAUNCHIMAGE_NAME = LaunchImage;
				CODE_SIGN_IDENTITY = "iPhone Developer";
				"CODE_SIGN_IDENTITY[sdk=iphoneos*]" = "iPhone Developer";
				GCC_PRECOMPILE_PREFIX_HEADER = YES;
				GCC_PREFIX_HEADER = "SineDoloreSVM/SineDoloreSVM-Prefix.pch";
				INFOPLIST_FILE = "SineDoloreSVM/SineDoloreSVM-Info.plist";
				PRODUCT_NAME = "$(TARGET_NAME)";
				PROVISIONING_PROFILE = "";
				WRAPPER_EXTENSION = app;
			};
			name = Debug;
		};
		1D45733018FE772D001E3667 /* Release */ = {
			isa = XCBuildConfiguration;
			buildSettings = {
				ASSETCATALOG_COMPILER_APPICON_NAME = AppIcon;
				ASSETCATALOG_COMPILER_LAUNCHIMAGE_NAME = LaunchImage;
				CODE_SIGN_IDENTITY = "iPhone Developer";
				"CODE_SIGN_IDENTITY[sdk=iphoneos*]" = "iPhone Developer";
				GCC_PRECOMPILE_PREFIX_HEADER = YES;
				GCC_PREFIX_HEADER = "SineDoloreSVM/SineDoloreSVM-Prefix.pch";
				INFOPLIST_FILE = "SineDoloreSVM/SineDoloreSVM-Info.plist";
				PRODUCT_NAME = "$(TARGET_NAME)";
				PROVISIONING_PROFILE = "";
				WRAPPER_EXTENSION = app;
			};
			name = Release;
		};
		1D45733218FE772D001E3667 /* Debug */ = {
			isa = XCBuildConfiguration;
			buildSettings = {
				BUNDLE_LOADER = "$(BUILT_PRODUCTS_DIR)/SineDoloreSVM.app/SineDoloreSVM";
				FRAMEWORK_SEARCH_PATHS = (
					"$(SDKROOT)/Developer/Library/Frameworks",
					"$(inherited)",
					"$(DEVELOPER_FRAMEWORKS_DIR)",
				);
				GCC_PRECOMPILE_PREFIX_HEADER = YES;
				GCC_PREFIX_HEADER = "SineDoloreSVM/SineDoloreSVM-Prefix.pch";
				GCC_PREPROCESSOR_DEFINITIONS = (
					"DEBUG=1",
					"$(inherited)",
				);
				INFOPLIST_FILE = "SineDoloreSVMTests/SineDoloreSVMTests-Info.plist";
				PRODUCT_NAME = "$(TARGET_NAME)";
				TEST_HOST = "$(BUNDLE_LOADER)";
				WRAPPER_EXTENSION = xctest;
			};
			name = Debug;
		};
		1D45733318FE772D001E3667 /* Release */ = {
			isa = XCBuildConfiguration;
			buildSettings = {
				BUNDLE_LOADER = "$(BUILT_PRODUCTS_DIR)/SineDoloreSVM.app/SineDoloreSVM";
				FRAMEWORK_SEARCH_PATHS = (
					"$(SDKROOT)/Developer/Library/Frameworks",
					"$(inherited)",
					"$(DEVELOPER_FRAMEWORKS_DIR)",
				);
				GCC_PRECOMPILE_PREFIX_HEADER = YES;
				GCC_PREFIX_HEADER = "SineDoloreSVM/SineDoloreSVM-Prefix.pch";
				INFOPLIST_FILE = "SineDoloreSVMTests/SineDoloreSVMTests-Info.plist";
				PRODUCT_NAME = "$(TARGET_NAME)";
				TEST_HOST = "$(BUNDLE_LOADER)";
				WRAPPER_EXTENSION = xctest;
			};
			name = Release;
		};
/* End XCBuildConfiguration section */

/* Begin XCConfigurationList section */
		1D4572F718FE772D001E3667 /* Build configuration list for PBXProject "SineDoloreSVM" */ = {
			isa = XCConfigurationList;
			buildConfigurations = (
				1D45732C18FE772D001E3667 /* Debug */,
				1D45732D18FE772D001E3667 /* Release */,
			);
			defaultConfigurationIsVisible = 0;
			defaultConfigurationName = Release;
		};
		1D45732E18FE772D001E3667 /* Build configuration list for PBXNativeTarget "SineDoloreSVM" */ = {
			isa = XCConfigurationList;
			buildConfigurations = (
				1D45732F18FE772D001E3667 /* Debug */,
				1D45733018FE772D001E3667 /* Release */,
			);
			defaultConfigurationIsVisible = 0;
		};
		1D45733118FE772D001E3667 /* Build configuration list for PBXNativeTarget "SineDoloreSVMTests" */ = {
			isa = XCConfigurationList;
			buildConfigurations = (
				1D45733218FE772D001E3667 /* Debug */,
				1D45733318FE772D001E3667 /* Release */,
			);
			defaultConfigurationIsVisible = 0;
		};
/* End XCConfigurationList section */
	};
	rootObject = 1D4572F418FE772D001E3667 /* Project object */;
}
